
Microsoft Visual Studio Solution File, Format Version 12.00
# Visual Studio Version 17
VisualStudioVersion = 17.11.35312.102
MinimumVisualStudioVersion = 10.0.40219.1
Project("{FAE04EC0-301F-11D3-BF4B-00C04F79EFBC}") = "WindowsFormsApp4", "WindowsFormsApp4.csproj", "{681D7C59-E7C8-4E56-8351-92566B0B9131}"
EndProject
Global
	GlobalSection(SolutionConfigurationPlatforms) = preSolution
		Debug|Any CPU = Debug|Any CPU
		Release|Any CPU = Release|Any CPU
	EndGlobalSection
	GlobalSection(ProjectConfigurationPlatforms) = postSolution
		{681D7C59-E7C8-4E56-8351-92566B0B9131}.Debug|Any CPU.ActiveCfg = Debug|Any CPU
		{681D7C59-E7C8-4E56-8351-92566B0B9131}.Debug|Any CPU.Build.0 = Debug|Any CPU
		{681D7C59-E7C8-4E56-8351-92566B0B9131}.Release|Any CPU.ActiveCfg = Release|Any CPU
		{681D7C59-E7C8-4E56-8351-92566B0B9131}.Release|Any CPU.Build.0 = Release|Any CPU
	EndGlobalSection
	GlobalSection(SolutionProperties) = preSolution
		HideSolutionNode = FALSE
	EndGlobalSection
	GlobalSection(ExtensibilityGlobals) = postSolution
		SolutionGuid = {06B57C54-2972-4CBA-90F8-D7D4411BDCE8}
	EndGlobalSection
EndGlobal
